// !$*UTF8*$!
{
	archiveVersion = 1;
	classes = {
	};
	objectVersion = 48;
	objects = {

/* Begin PBXBuildFile section */
		1D1FF8E71FF94ADD00A879E3 /* elements.txt in Resources */ = {isa = PBXBuildFile; fileRef = 1D8320F71F996B2E0011C30E /* elements.txt */; };
		1D680CE41F8C8C4E009B5D42 /* AppDelegate.swift in Sources */ = {isa = PBXBuildFile; fileRef = 1D680CE31F8C8C4E009B5D42 /* AppDelegate.swift */; };
		1D680CE61F8C8C4E009B5D42 /* art.scnassets in Resources */ = {isa = PBXBuildFile; fileRef = 1D680CE51F8C8C4E009B5D42 /* art.scnassets */; };
		1D680CE81F8C8C4E009B5D42 /* ViewController.swift in Sources */ = {isa = PBXBuildFile; fileRef = 1D680CE71F8C8C4E009B5D42 /* ViewController.swift */; };
		1D680CEB1F8C8C4E009B5D42 /* Main.storyboard in Resources */ = {isa = PBXBuildFile; fileRef = 1D680CE91F8C8C4E009B5D42 /* Main.storyboard */; };
		1D680CED1F8C8C4E009B5D42 /* Assets.xcassets in Resources */ = {isa = PBXBuildFile; fileRef = 1D680CEC1F8C8C4E009B5D42 /* Assets.xcassets */; };
		1D680CF01F8C8C4E009B5D42 /* LaunchScreen.storyboard in Resources */ = {isa = PBXBuildFile; fileRef = 1D680CEE1F8C8C4E009B5D42 /* LaunchScreen.storyboard */; };
		1D680D461F8EA19D009B5D42 /* Renderer.swift in Sources */ = {isa = PBXBuildFile; fileRef = 1D680D451F8EA19D009B5D42 /* Renderer.swift */; };
		1D680D491F8EA1D8009B5D42 /* Shaders.metal in Sources */ = {isa = PBXBuildFile; fileRef = 1D680D481F8EA1D8009B5D42 /* Shaders.metal */; };
		1D680D4D1F8EEF17009B5D42 /* ArcBall.swift in Sources */ = {isa = PBXBuildFile; fileRef = 1D680D4C1F8EEF16009B5D42 /* ArcBall.swift */; };
		1D680D4F1F8F3FC0009B5D42 /* MetalView.swift in Sources */ = {isa = PBXBuildFile; fileRef = 1D680D4E1F8F3FC0009B5D42 /* MetalView.swift */; };
		1D8320E91F9965D20011C30E /* World.swift in Sources */ = {isa = PBXBuildFile; fileRef = 1D8320E81F9965D20011C30E /* World.swift */; };
		1D8320EB1F9965E50011C30E /* Shell.swift in Sources */ = {isa = PBXBuildFile; fileRef = 1D8320EA1F9965E40011C30E /* Shell.swift */; };
		1D8320ED1F9965ED0011C30E /* Atom.swift in Sources */ = {isa = PBXBuildFile; fileRef = 1D8320EC1F9965ED0011C30E /* Atom.swift */; };
		1D8320EF1F9965F60011C30E /* Sphere.swift in Sources */ = {isa = PBXBuildFile; fileRef = 1D8320EE1F9965F60011C30E /* Sphere.swift */; };
		1D8320F11F9967A20011C30E /* AAPLTransforms.swift in Sources */ = {isa = PBXBuildFile; fileRef = 1D8320F01F9967A20011C30E /* AAPLTransforms.swift */; };
		1D8320F31F99684A0011C30E /* Proton.swift in Sources */ = {isa = PBXBuildFile; fileRef = 1D8320F21F99684A0011C30E /* Proton.swift */; };
		1D8320F61F9968890011C30E /* Cpp.mm in Sources */ = {isa = PBXBuildFile; fileRef = 1D8320F51F9968890011C30E /* Cpp.mm */; };
		1D8320FA1F996BAE0011C30E /* Elements.swift in Sources */ = {isa = PBXBuildFile; fileRef = 1D8320F91F996BAE0011C30E /* Elements.swift */; };
/* End PBXBuildFile section */

/* Begin PBXFileReference section */
		1D680CE01F8C8C4E009B5D42 /* Atom_IOS.app */ = {isa = PBXFileReference; explicitFileType = wrapper.application; includeInIndex = 0; path = Atom_IOS.app; sourceTree = BUILT_PRODUCTS_DIR; };
		1D680CE31F8C8C4E009B5D42 /* AppDelegate.swift */ = {isa = PBXFileReference; lastKnownFileType = sourcecode.swift; path = AppDelegate.swift; sourceTree = "<group>"; };
		1D680CE51F8C8C4E009B5D42 /* art.scnassets */ = {isa = PBXFileReference; lastKnownFileType = wrapper.scnassets; path = art.scnassets; sourceTree = "<group>"; };
		1D680CE71F8C8C4E009B5D42 /* ViewController.swift */ = {isa = PBXFileReference; lastKnownFileType = sourcecode.swift; path = ViewController.swift; sourceTree = "<group>"; };
		1D680CEA1F8C8C4E009B5D42 /* Base */ = {isa = PBXFileReference; lastKnownFileType = file.storyboard; name = Base; path = Base.lproj/Main.storyboard; sourceTree = "<group>"; };
		1D680CEC1F8C8C4E009B5D42 /* Assets.xcassets */ = {isa = PBXFileReference; lastKnownFileType = folder.assetcatalog; path = Assets.xcassets; sourceTree = "<group>"; };
		1D680CEF1F8C8C4E009B5D42 /* Base */ = {isa = PBXFileReference; lastKnownFileType = file.storyboard; name = Base; path = Base.lproj/LaunchScreen.storyboard; sourceTree = "<group>"; };
		1D680CF11F8C8C4E009B5D42 /* Info.plist */ = {isa = PBXFileReference; lastKnownFileType = text.plist.xml; path = Info.plist; sourceTree = "<group>"; };
		1D680D451F8EA19D009B5D42 /* Renderer.swift */ = {isa = PBXFileReference; fileEncoding = 4; lastKnownFileType = sourcecode.swift; path = Renderer.swift; sourceTree = "<group>"; };
		1D680D471F8EA1D8009B5D42 /* ShaderTypes.h */ = {isa = PBXFileReference; fileEncoding = 4; lastKnownFileType = sourcecode.c.h; path = ShaderTypes.h; sourceTree = "<group>"; };
		1D680D481F8EA1D8009B5D42 /* Shaders.metal */ = {isa = PBXFileReference; fileEncoding = 4; lastKnownFileType = sourcecode.metal; path = Shaders.metal; sourceTree = "<group>"; };
		1D680D4B1F8EA52F009B5D42 /* BridgingHeader.h */ = {isa = PBXFileReference; lastKnownFileType = sourcecode.c.h; path = BridgingHeader.h; sourceTree = "<group>"; };
		1D680D4C1F8EEF16009B5D42 /* ArcBall.swift */ = {isa = PBXFileReference; lastKnownFileType = sourcecode.swift; path = ArcBall.swift; sourceTree = "<group>"; };
		1D680D4E1F8F3FC0009B5D42 /* MetalView.swift */ = {isa = PBXFileReference; lastKnownFileType = sourcecode.swift; path = MetalView.swift; sourceTree = "<group>"; };
		1D8320E81F9965D20011C30E /* World.swift */ = {isa = PBXFileReference; lastKnownFileType = sourcecode.swift; path = World.swift; sourceTree = "<group>"; };
		1D8320EA1F9965E40011C30E /* Shell.swift */ = {isa = PBXFileReference; lastKnownFileType = sourcecode.swift; path = Shell.swift; sourceTree = "<group>"; };
		1D8320EC1F9965ED0011C30E /* Atom.swift */ = {isa = PBXFileReference; lastKnownFileType = sourcecode.swift; path = Atom.swift; sourceTree = "<group>"; };
		1D8320EE1F9965F60011C30E /* Sphere.swift */ = {isa = PBXFileReference; lastKnownFileType = sourcecode.swift; path = Sphere.swift; sourceTree = "<group>"; };
		1D8320F01F9967A20011C30E /* AAPLTransforms.swift */ = {isa = PBXFileReference; lastKnownFileType = sourcecode.swift; path = AAPLTransforms.swift; sourceTree = "<group>"; };
		1D8320F21F99684A0011C30E /* Proton.swift */ = {isa = PBXFileReference; lastKnownFileType = sourcecode.swift; path = Proton.swift; sourceTree = "<group>"; };
		1D8320F41F9968800011C30E /* Cpp.h */ = {isa = PBXFileReference; lastKnownFileType = sourcecode.c.h; path = Cpp.h; sourceTree = "<group>"; };
		1D8320F51F9968890011C30E /* Cpp.mm */ = {isa = PBXFileReference; lastKnownFileType = sourcecode.cpp.objcpp; path = Cpp.mm; sourceTree = "<group>"; };
		1D8320F71F996B2E0011C30E /* elements.txt */ = {isa = PBXFileReference; lastKnownFileType = text; path = elements.txt; sourceTree = "<group>"; };
		1D8320F91F996BAE0011C30E /* Elements.swift */ = {isa = PBXFileReference; lastKnownFileType = sourcecode.swift; path = Elements.swift; sourceTree = "<group>"; };
/* End PBXFileReference section */

/* Begin PBXFrameworksBuildPhase section */
		1D680CDD1F8C8C4E009B5D42 /* Frameworks */ = {
			isa = PBXFrameworksBuildPhase;
			buildActionMask = 2147483647;
			files = (
			);
			runOnlyForDeploymentPostprocessing = 0;
		};
/* End PBXFrameworksBuildPhase section */

/* Begin PBXGroup section */
		1D680CD71F8C8C4E009B5D42 = {
			isa = PBXGroup;
			children = (
				1D680CE21F8C8C4E009B5D42 /* Source */,
				1D680CE11F8C8C4E009B5D42 /* Products */,
			);
			sourceTree = "<group>";
		};
		1D680CE11F8C8C4E009B5D42 /* Products */ = {
			isa = PBXGroup;
			children = (
				1D680CE01F8C8C4E009B5D42 /* Atom_IOS.app */,
			);
			name = Products;
			sourceTree = "<group>";
		};
		1D680CE21F8C8C4E009B5D42 /* Source */ = {
			isa = PBXGroup;
			children = (
				1D8320E81F9965D20011C30E /* World.swift */,
				1D8320EA1F9965E40011C30E /* Shell.swift */,
				1D8320F21F99684A0011C30E /* Proton.swift */,
				1D8320EC1F9965ED0011C30E /* Atom.swift */,
				1D8320EE1F9965F60011C30E /* Sphere.swift */,
				1D680CE71F8C8C4E009B5D42 /* ViewController.swift */,
				1D680D4E1F8F3FC0009B5D42 /* MetalView.swift */,
				1D680D481F8EA1D8009B5D42 /* Shaders.metal */,
				1D680D471F8EA1D8009B5D42 /* ShaderTypes.h */,
				1D680D451F8EA19D009B5D42 /* Renderer.swift */,
				1D680D4C1F8EEF16009B5D42 /* ArcBall.swift */,
				1D680CE31F8C8C4E009B5D42 /* AppDelegate.swift */,
				1D8320F91F996BAE0011C30E /* Elements.swift */,
				1D8320F01F9967A20011C30E /* AAPLTransforms.swift */,
				1D680CE91F8C8C4E009B5D42 /* Main.storyboard */,
				1D680CEE1F8C8C4E009B5D42 /* LaunchScreen.storyboard */,
				1D8320F41F9968800011C30E /* Cpp.h */,
				1D8320F51F9968890011C30E /* Cpp.mm */,
				1D680D4B1F8EA52F009B5D42 /* BridgingHeader.h */,
				1D680CE51F8C8C4E009B5D42 /* art.scnassets */,
				1D680CEC1F8C8C4E009B5D42 /* Assets.xcassets */,
				1D8320F71F996B2E0011C30E /* elements.txt */,
				1D680CF11F8C8C4E009B5D42 /* Info.plist */,
			);
			path = Source;
			sourceTree = "<group>";
		};
/* End PBXGroup section */

/* Begin PBXNativeTarget section */
		1D680CDF1F8C8C4E009B5D42 /* Atom_IOS */ = {
			isa = PBXNativeTarget;
			buildConfigurationList = 1D680CF41F8C8C4E009B5D42 /* Build configuration list for PBXNativeTarget "Atom_IOS" */;
			buildPhases = (
				1D680CDC1F8C8C4E009B5D42 /* Sources */,
				1D680CDD1F8C8C4E009B5D42 /* Frameworks */,
				1D680CDE1F8C8C4E009B5D42 /* Resources */,
			);
			buildRules = (
			);
			dependencies = (
			);
			name = Atom_IOS;
			productName = DancerHead;
			productReference = 1D680CE01F8C8C4E009B5D42 /* Atom_IOS.app */;
			productType = "com.apple.product-type.application";
		};
/* End PBXNativeTarget section */

/* Begin PBXProject section */
		1D680CD81F8C8C4E009B5D42 /* Project object */ = {
			isa = PBXProject;
			attributes = {
				LastSwiftUpdateCheck = 0900;
				LastUpgradeCheck = 0900;
				ORGANIZATIONNAME = "Harry Kosalos";
				TargetAttributes = {
					1D680CDF1F8C8C4E009B5D42 = {
						CreatedOnToolsVersion = 9.0;
						LastSwiftMigration = 0900;
						ProvisioningStyle = Automatic;
					};
				};
			};
			buildConfigurationList = 1D680CDB1F8C8C4E009B5D42 /* Build configuration list for PBXProject "Atom_IOS" */;
			compatibilityVersion = "Xcode 8.0";
			developmentRegion = en;
			hasScannedForEncodings = 0;
			knownRegions = (
				en,
				Base,
			);
			mainGroup = 1D680CD71F8C8C4E009B5D42;
			productRefGroup = 1D680CE11F8C8C4E009B5D42 /* Products */;
			projectDirPath = "";
			projectRoot = "";
			targets = (
				1D680CDF1F8C8C4E009B5D42 /* Atom_IOS */,
			);
		};
/* End PBXProject section */

/* Begin PBXResourcesBuildPhase section */
		1D680CDE1F8C8C4E009B5D42 /* Resources */ = {
			isa = PBXResourcesBuildPhase;
			buildActionMask = 2147483647;
			files = (
				1D680CE61F8C8C4E009B5D42 /* art.scnassets in Resources */,
				1D680CF01F8C8C4E009B5D42 /* LaunchScreen.storyboard in Resources */,
				1D680CED1F8C8C4E009B5D42 /* Assets.xcassets in Resources */,
				1D680CEB1F8C8C4E009B5D42 /* Main.storyboard in Resources */,
				1D1FF8E71FF94ADD00A879E3 /* elements.txt in Resources */,
			);
			runOnlyForDeploymentPostprocessing = 0;
		};
/* End PBXResourcesBuildPhase section */

/* Begin PBXSourcesBuildPhase section */
		1D680CDC1F8C8C4E009B5D42 /* Sources */ = {
			isa = PBXSourcesBuildPhase;
			buildActionMask = 2147483647;
			files = (
				1D8320FA1F996BAE0011C30E /* Elements.swift in Sources */,
				1D8320F11F9967A20011C30E /* AAPLTransforms.swift in Sources */,
				1D8320F61F9968890011C30E /* Cpp.mm in Sources */,
				1D8320F31F99684A0011C30E /* Proton.swift in Sources */,
				1D8320EB1F9965E50011C30E /* Shell.swift in Sources */,
				1D680D461F8EA19D009B5D42 /* Renderer.swift in Sources */,
				1D8320ED1F9965ED0011C30E /* Atom.swift in Sources */,
				1D680D4F1F8F3FC0009B5D42 /* MetalView.swift in Sources */,
				1D8320EF1F9965F60011C30E /* Sphere.swift in Sources */,
				1D680CE81F8C8C4E009B5D42 /* ViewController.swift in Sources */,
				1D680D4D1F8EEF17009B5D42 /* ArcBall.swift in Sources */,
				1D680CE41F8C8C4E009B5D42 /* AppDelegate.swift in Sources */,
				1D8320E91F9965D20011C30E /* World.swift in Sources */,
				1D680D491F8EA1D8009B5D42 /* Shaders.metal in Sources */,
			);
			runOnlyForDeploymentPostprocessing = 0;
		};
/* End PBXSourcesBuildPhase section */

/* Begin PBXVariantGroup section */
		1D680CE91F8C8C4E009B5D42 /* Main.storyboard */ = {
			isa = PBXVariantGroup;
			children = (
				1D680CEA1F8C8C4E009B5D42 /* Base */,
			);
			name = Main.storyboard;
			sourceTree = "<group>";
		};
		1D680CEE1F8C8C4E009B5D42 /* LaunchScreen.storyboard */ = {
			isa = PBXVariantGroup;
			children = (
				1D680CEF1F8C8C4E009B5D42 /* Base */,
			);
			name = LaunchScreen.storyboard;
			sourceTree = "<group>";
		};
/* End PBXVariantGroup section */

/* Begin XCBuildConfiguration section */
		1D680CF21F8C8C4E009B5D42 /* Debug */ = {
			isa = XCBuildConfiguration;
			buildSettings = {
				ALWAYS_SEARCH_USER_PATHS = NO;
				CLANG_ANALYZER_NONNULL = YES;
				CLANG_ANALYZER_NUMBER_OBJECT_CONVERSION = YES_AGGRESSIVE;
				CLANG_CXX_LANGUAGE_STANDARD = "gnu++14";
				CLANG_CXX_LIBRARY = "libc++";
				CLANG_ENABLE_MODULES = YES;
				CLANG_ENABLE_OBJC_ARC = YES;
				CLANG_WARN_BLOCK_CAPTURE_AUTORELEASING = YES;
				CLANG_WARN_BOOL_CONVERSION = YES;
				CLANG_WARN_COMMA = YES;
				CLANG_WARN_CONSTANT_CONVERSION = YES;
				CLANG_WARN_DIRECT_OBJC_ISA_USAGE = YES_ERROR;
				CLANG_WARN_DOCUMENTATION_COMMENTS = YES;
				CLANG_WARN_EMPTY_BODY = YES;
				CLANG_WARN_ENUM_CONVERSION = YES;
				CLANG_WARN_INFINITE_RECURSION = YES;
				CLANG_WARN_INT_CONVERSION = YES;
				CLANG_WARN_NON_LITERAL_NULL_CONVERSION = YES;
				CLANG_WARN_OBJC_LITERAL_CONVERSION = YES;
				CLANG_WARN_OBJC_ROOT_CLASS = YES_ERROR;
				CLANG_WARN_RANGE_LOOP_ANALYSIS = YES;
				CLANG_WARN_STRICT_PROTOTYPES = YES;
				CLANG_WARN_SUSPICIOUS_MOVE = YES;
				CLANG_WARN_UNGUARDED_AVAILABILITY = YES_AGGRESSIVE;
				CLANG_WARN_UNREACHABLE_CODE = YES;
				CLANG_WARN__DUPLICATE_METHOD_MATCH = YES;
				CODE_SIGN_IDENTITY = "iPhone Developer";
				COPY_PHASE_STRIP = NO;
				DEBUG_INFORMATION_FORMAT = dwarf;
				ENABLE_STRICT_OBJC_MSGSEND = YES;
				ENABLE_TESTABILITY = YES;
				GCC_C_LANGUAGE_STANDARD = gnu11;
				GCC_DYNAMIC_NO_PIC = NO;
				GCC_NO_COMMON_BLOCKS = YES;
				GCC_OPTIMIZATION_LEVEL = 0;
				GCC_PREPROCESSOR_DEFINITIONS = (
					"DEBUG=1",
					"$(inherited)",
				);
				GCC_WARN_64_TO_32_BIT_CONVERSION = YES;
				GCC_WARN_ABOUT_RETURN_TYPE = YES_ERROR;
				GCC_WARN_UNDECLARED_SELECTOR = YES;
				GCC_WARN_UNINITIALIZED_AUTOS = YES_AGGRESSIVE;
				GCC_WARN_UNUSED_FUNCTION = YES;
				GCC_WARN_UNUSED_VARIABLE = YES;
				IPHONEOS_DEPLOYMENT_TARGET = 11.0;
				MTL_ENABLE_DEBUG_INFO = YES;
				ONLY_ACTIVE_ARCH = YES;
				SDKROOT = iphoneos;
				SWIFT_ACTIVE_COMPILATION_CONDITIONS = DEBUG;
				SWIFT_OPTIMIZATION_LEVEL = "-Onone";
			};
			name = Debug;
		};
		1D680CF31F8C8C4E009B5D42 /* Release */ = {
			isa = XCBuildConfiguration;
			buildSettings = {
				ALWAYS_SEARCH_USER_PATHS = NO;
				CLANG_ANALYZER_NONNULL = YES;
				CLANG_ANALYZER_NUMBER_OBJECT_CONVERSION = YES_AGGRESSIVE;
				CLANG_CXX_LANGUAGE_STANDARD = "gnu++14";
				CLANG_CXX_LIBRARY = "libc++";
				CLANG_ENABLE_MODULES = YES;
				CLANG_ENABLE_OBJC_ARC = YES;
				CLANG_WARN_BLOCK_CAPTURE_AUTORELEASING = YES;
				CLANG_WARN_BOOL_CONVERSION = YES;
				CLANG_WARN_COMMA = YES;
				CLANG_WARN_CONSTANT_CONVERSION = YES;
				CLANG_WARN_DIRECT_OBJC_ISA_USAGE = YES_ERROR;
				CLANG_WARN_DOCUMENTATION_COMMENTS = YES;
				CLANG_WARN_EMPTY_BODY = YES;
				CLANG_WARN_ENUM_CONVERSION = YES;
				CLANG_WARN_INFINITE_RECURSION = YES;
				CLANG_WARN_INT_CONVERSION = YES;
				CLANG_WARN_NON_LITERAL_NULL_CONVERSION = YES;
				CLANG_WARN_OBJC_LITERAL_CONVERSION = YES;
				CLANG_WARN_OBJC_ROOT_CLASS = YES_ERROR;
				CLANG_WARN_RANGE_LOOP_ANALYSIS = YES;
				CLANG_WARN_STRICT_PROTOTYPES = YES;
				CLANG_WARN_SUSPICIOUS_MOVE = YES;
				CLANG_WARN_UNGUARDED_AVAILABILITY = YES_AGGRESSIVE;
				CLANG_WARN_UNREACHABLE_CODE = YES;
				CLANG_WARN__DUPLICATE_METHOD_MATCH = YES;
				CODE_SIGN_IDENTITY = "iPhone Developer";
				COPY_PHASE_STRIP = NO;
				DEBUG_INFORMATION_FORMAT = "dwarf-with-dsym";
				ENABLE_NS_ASSERTIONS = NO;
				ENABLE_STRICT_OBJC_MSGSEND = YES;
				GCC_C_LANGUAGE_STANDARD = gnu11;
				GCC_NO_COMMON_BLOCKS = YES;
				GCC_WARN_64_TO_32_BIT_CONVERSION = YES;
				GCC_WARN_ABOUT_RETURN_TYPE = YES_ERROR;
				GCC_WARN_UNDECLARED_SELECTOR = YES;
				GCC_WARN_UNINITIALIZED_AUTOS = YES_AGGRESSIVE;
				GCC_WARN_UNUSED_FUNCTION = YES;
				GCC_WARN_UNUSED_VARIABLE = YES;
				IPHONEOS_DEPLOYMENT_TARGET = 11.0;
				MTL_ENABLE_DEBUG_INFO = NO;
				SDKROOT = iphoneos;
				SWIFT_OPTIMIZATION_LEVEL = "-Owholemodule";
				VALIDATE_PRODUCT = YES;
			};
			name = Release;
		};
		1D680CF51F8C8C4E009B5D42 /* Debug */ = {
			isa = XCBuildConfiguration;
			buildSettings = {
				ASSETCATALOG_COMPILER_APPICON_NAME = AppIcon;
				CODE_SIGN_STYLE = Automatic;
				DEVELOPMENT_TEAM = 7237X7VY2S;
				INFOPLIST_FILE = "$(SRCROOT)/Source/Info.plist";
				IPHONEOS_DEPLOYMENT_TARGET = 11.0;
				LD_RUNPATH_SEARCH_PATHS = "$(inherited) @executable_path/Frameworks";
				PRODUCT_BUNDLE_IDENTIFIER = "Harry.com.Atom-IOS";
				PRODUCT_NAME = "$(TARGET_NAME)";
				SWIFT_OBJC_BRIDGING_HEADER = Source/BridgingHeader.h;
				SWIFT_SWIFT3_OBJC_INFERENCE = Default;
				SWIFT_VERSION = 4.0;
				TARGETED_DEVICE_FAMILY = 2;
			};
			name = Debug;
		};
		1D680CF61F8C8C4E009B5D42 /* Release */ = {
			isa = XCBuildConfiguration;
			buildSettings = {
				ASSETCATALOG_COMPILER_APPICON_NAME = AppIcon;
				CODE_SIGN_STYLE = Automatic;
				DEVELOPMENT_TEAM = 7237X7VY2S;
				INFOPLIST_FILE = "$(SRCROOT)/Source/Info.plist";
				IPHONEOS_DEPLOYMENT_TARGET = 11.0;
				LD_RUNPATH_SEARCH_PATHS = "$(inherited) @executable_path/Frameworks";
				PRODUCT_BUNDLE_IDENTIFIER = "Harry.com.Atom-IOS";
				PRODUCT_NAME = "$(TARGET_NAME)";
				SWIFT_OBJC_BRIDGING_HEADER = Source/BridgingHeader.h;
				SWIFT_SWIFT3_OBJC_INFERENCE = Default;
				SWIFT_VERSION = 4.0;
				TARGETED_DEVICE_FAMILY = 2;
			};
			name = Release;
		};
/* End XCBuildConfiguration section */

/* Begin XCConfigurationList section */
		1D680CDB1F8C8C4E009B5D42 /* Build configuration list for PBXProject "Atom_IOS" */ = {
			isa = XCConfigurationList;
			buildConfigurations = (
				1D680CF21F8C8C4E009B5D42 /* Debug */,
				1D680CF31F8C8C4E009B5D42 /* Release */,
			);
			defaultConfigurationIsVisible = 0;
			defaultConfigurationName = Release;
		};
		1D680CF41F8C8C4E009B5D42 /* Build configuration list for PBXNativeTarget "Atom_IOS" */ = {
			isa = XCConfigurationList;
			buildConfigurations = (
				1D680CF51F8C8C4E009B5D42 /* Debug */,
				1D680CF61F8C8C4E009B5D42 /* Release */,
			);
			defaultConfigurationIsVisible = 0;
			defaultConfigurationName = Release;
		};
/* End XCConfigurationList section */
	};
	rootObject = 1D680CD81F8C8C4E009B5D42 /* Project object */;
}
